// !$*UTF8*$!
{
	archiveVersion = 1;
	classes = {
	};
	objectVersion = 50;
	objects = {

/* Begin PBXBuildFile section */
		D50DC31424993449008E47CA /* BookDetailImage.swift in Sources */ = {isa = PBXBuildFile; fileRef = D50DC31324993449008E47CA /* BookDetailImage.swift */; };
		D5187B36244647D9001BB0BC /* Book.swift in Sources */ = {isa = PBXBuildFile; fileRef = D5187B35244647D9001BB0BC /* Book.swift */; };
		D5187B38244649FB001BB0BC /* BookService.swift in Sources */ = {isa = PBXBuildFile; fileRef = D5187B37244649FB001BB0BC /* BookService.swift */; };
		D5187B3A24464A59001BB0BC /* MockBookService.swift in Sources */ = {isa = PBXBuildFile; fileRef = D5187B3924464A59001BB0BC /* MockBookService.swift */; };
		D52B387F24544C070091B62F /* Cart.swift in Sources */ = {isa = PBXBuildFile; fileRef = D52B387E24544C070091B62F /* Cart.swift */; };
		D52B3887245490370091B62F /* NavigationLazyView.swift in Sources */ = {isa = PBXBuildFile; fileRef = D52B3886245490370091B62F /* NavigationLazyView.swift */; };
		D52C6F512499227F00F3E117 /* BookDetailButton.swift in Sources */ = {isa = PBXBuildFile; fileRef = D52C6F502499227F00F3E117 /* BookDetailButton.swift */; };
		D542E90F244C91E700A90F29 /* BookDetailLabel.swift in Sources */ = {isa = PBXBuildFile; fileRef = D542E90E244C91E700A90F29 /* BookDetailLabel.swift */; };
		D54D3544244B2375004B44A5 /* Genre.swift in Sources */ = {isa = PBXBuildFile; fileRef = D54D3543244B2375004B44A5 /* Genre.swift */; };
		D54D3546244B290F004B44A5 /* BookDetailView.swift in Sources */ = {isa = PBXBuildFile; fileRef = D54D3545244B290F004B44A5 /* BookDetailView.swift */; };
		D54D354A244B2F4C004B44A5 /* ImageStore.swift in Sources */ = {isa = PBXBuildFile; fileRef = D54D3549244B2F4C004B44A5 /* ImageStore.swift */; };
		D54D354C244B330C004B44A5 /* BookDetailViewModel.swift in Sources */ = {isa = PBXBuildFile; fileRef = D54D354B244B330C004B44A5 /* BookDetailViewModel.swift */; };
		D54D354E244B350A004B44A5 /* chilkoottrail.jpg in Resources */ = {isa = PBXBuildFile; fileRef = D54D354D244B350A004B44A5 /* chilkoottrail.jpg */; };
		D54F1D702448CEB8008851F5 /* BookListView.swift in Sources */ = {isa = PBXBuildFile; fileRef = D54F1D6F2448CEB8008851F5 /* BookListView.swift */; };
		D54F1D722448D051008851F5 /* BookListViewModel.swift in Sources */ = {isa = PBXBuildFile; fileRef = D54F1D712448D051008851F5 /* BookListViewModel.swift */; };
		D5682B3C2455A40700688D68 /* CartRow.swift in Sources */ = {isa = PBXBuildFile; fileRef = D5682B3B2455A40700688D68 /* CartRow.swift */; };
		D5682B3E2455AD1600688D68 /* BookImage.swift in Sources */ = {isa = PBXBuildFile; fileRef = D5682B3D2455AD1600688D68 /* BookImage.swift */; };
		D5682B472455B54400688D68 /* homoDeus.jpg in Resources */ = {isa = PBXBuildFile; fileRef = D5682B3F2455B54300688D68 /* homoDeus.jpg */; };
		D5682B482455B54400688D68 /* creativity.jpg in Resources */ = {isa = PBXBuildFile; fileRef = D5682B402455B54300688D68 /* creativity.jpg */; };
		D5682B4A2455B54400688D68 /* manSearch.jpg in Resources */ = {isa = PBXBuildFile; fileRef = D5682B422455B54400688D68 /* manSearch.jpg */; };
		D5682B4B2455B54400688D68 /* odyssey.jpg in Resources */ = {isa = PBXBuildFile; fileRef = D5682B432455B54400688D68 /* odyssey.jpg */; };
		D5682B4C2455B54400688D68 /* ai.jpg in Resources */ = {isa = PBXBuildFile; fileRef = D5682B442455B54400688D68 /* ai.jpg */; };
		D5682B4D2455B54400688D68 /* twoTowers.jpg in Resources */ = {isa = PBXBuildFile; fileRef = D5682B452455B54400688D68 /* twoTowers.jpg */; };
		D5682B4E2455B54400688D68 /* the4Hours.jpg in Resources */ = {isa = PBXBuildFile; fileRef = D5682B462455B54400688D68 /* the4Hours.jpg */; };
		D5682B502455B62B00688D68 /* fellow.jpg in Resources */ = {isa = PBXBuildFile; fileRef = D5682B4F2455B62B00688D68 /* fellow.jpg */; };
		D5682B522455CA2200688D68 /* CartViewModel.swift in Sources */ = {isa = PBXBuildFile; fileRef = D5682B512455CA2200688D68 /* CartViewModel.swift */; };
		D56A71A4244764FA009E55FB /* BookDetail.swift in Sources */ = {isa = PBXBuildFile; fileRef = D56A71A3244764FA009E55FB /* BookDetail.swift */; };
		D56A71A724476F0F009E55FB /* ViewModel.swift in Sources */ = {isa = PBXBuildFile; fileRef = D56A71A624476F0F009E55FB /* ViewModel.swift */; };
		D56A71AD24477E83009E55FB /* BookRow.swift in Sources */ = {isa = PBXBuildFile; fileRef = D56A71AC24477E83009E55FB /* BookRow.swift */; };
		D5B3512A246DF9B600745419 /* BookReadingView.swift in Sources */ = {isa = PBXBuildFile; fileRef = D5B35129246DF9B600745419 /* BookReadingView.swift */; };
		D5BF5C942444DB8C00730D53 /* AppDelegate.swift in Sources */ = {isa = PBXBuildFile; fileRef = D5BF5C932444DB8C00730D53 /* AppDelegate.swift */; };
		D5BF5C962444DB8C00730D53 /* SceneDelegate.swift in Sources */ = {isa = PBXBuildFile; fileRef = D5BF5C952444DB8C00730D53 /* SceneDelegate.swift */; };
		D5BF5C982444DB8C00730D53 /* ContentView.swift in Sources */ = {isa = PBXBuildFile; fileRef = D5BF5C972444DB8C00730D53 /* ContentView.swift */; };
		D5BF5C9A2444DB8F00730D53 /* Assets.xcassets in Resources */ = {isa = PBXBuildFile; fileRef = D5BF5C992444DB8F00730D53 /* Assets.xcassets */; };
		D5BF5C9D2444DB8F00730D53 /* Preview Assets.xcassets in Resources */ = {isa = PBXBuildFile; fileRef = D5BF5C9C2444DB8F00730D53 /* Preview Assets.xcassets */; };
		D5BF5CA02444DB8F00730D53 /* LaunchScreen.storyboard in Resources */ = {isa = PBXBuildFile; fileRef = D5BF5C9E2444DB8F00730D53 /* LaunchScreen.storyboard */; };
		D5C343EF24523EDD009C9393 /* CartButtonView.swift in Sources */ = {isa = PBXBuildFile; fileRef = D5C343EE24523EDD009C9393 /* CartButtonView.swift */; };
		D5C343F124523F02009C9393 /* CartView.swift in Sources */ = {isa = PBXBuildFile; fileRef = D5C343F024523F02009C9393 /* CartView.swift */; };
/* End PBXBuildFile section */

/* Begin PBXFileReference section */
		D50DC31324993449008E47CA /* BookDetailImage.swift */ = {isa = PBXFileReference; lastKnownFileType = sourcecode.swift; path = BookDetailImage.swift; sourceTree = "<group>"; };
		D5187B35244647D9001BB0BC /* Book.swift */ = {isa = PBXFileReference; lastKnownFileType = sourcecode.swift; path = Book.swift; sourceTree = "<group>"; };
		D5187B37244649FB001BB0BC /* BookService.swift */ = {isa = PBXFileReference; lastKnownFileType = sourcecode.swift; path = BookService.swift; sourceTree = "<group>"; };
		D5187B3924464A59001BB0BC /* MockBookService.swift */ = {isa = PBXFileReference; lastKnownFileType = sourcecode.swift; path = MockBookService.swift; sourceTree = "<group>"; };
		D52B387E24544C070091B62F /* Cart.swift */ = {isa = PBXFileReference; lastKnownFileType = sourcecode.swift; path = Cart.swift; sourceTree = "<group>"; };
		D52B3886245490370091B62F /* NavigationLazyView.swift */ = {isa = PBXFileReference; lastKnownFileType = sourcecode.swift; path = NavigationLazyView.swift; sourceTree = "<group>"; };
		D52C6F502499227F00F3E117 /* BookDetailButton.swift */ = {isa = PBXFileReference; lastKnownFileType = sourcecode.swift; path = BookDetailButton.swift; sourceTree = "<group>"; };
		D542E90E244C91E700A90F29 /* BookDetailLabel.swift */ = {isa = PBXFileReference; lastKnownFileType = sourcecode.swift; path = BookDetailLabel.swift; sourceTree = "<group>"; };
		D54D3543244B2375004B44A5 /* Genre.swift */ = {isa = PBXFileReference; lastKnownFileType = sourcecode.swift; path = Genre.swift; sourceTree = "<group>"; };
		D54D3545244B290F004B44A5 /* BookDetailView.swift */ = {isa = PBXFileReference; lastKnownFileType = sourcecode.swift; path = BookDetailView.swift; sourceTree = "<group>"; };
		D54D3549244B2F4C004B44A5 /* ImageStore.swift */ = {isa = PBXFileReference; lastKnownFileType = sourcecode.swift; path = ImageStore.swift; sourceTree = "<group>"; };
		D54D354B244B330C004B44A5 /* BookDetailViewModel.swift */ = {isa = PBXFileReference; lastKnownFileType = sourcecode.swift; path = BookDetailViewModel.swift; sourceTree = "<group>"; };
		D54D354D244B350A004B44A5 /* chilkoottrail.jpg */ = {isa = PBXFileReference; lastKnownFileType = image.jpeg; path = chilkoottrail.jpg; sourceTree = "<group>"; };
		D54F1D6F2448CEB8008851F5 /* BookListView.swift */ = {isa = PBXFileReference; lastKnownFileType = sourcecode.swift; path = BookListView.swift; sourceTree = "<group>"; };
		D54F1D712448D051008851F5 /* BookListViewModel.swift */ = {isa = PBXFileReference; lastKnownFileType = sourcecode.swift; path = BookListViewModel.swift; sourceTree = "<group>"; };
		D5682B3B2455A40700688D68 /* CartRow.swift */ = {isa = PBXFileReference; lastKnownFileType = sourcecode.swift; path = CartRow.swift; sourceTree = "<group>"; };
		D5682B3D2455AD1600688D68 /* BookImage.swift */ = {isa = PBXFileReference; lastKnownFileType = sourcecode.swift; path = BookImage.swift; sourceTree = "<group>"; };
		D5682B3F2455B54300688D68 /* homoDeus.jpg */ = {isa = PBXFileReference; lastKnownFileType = image.jpeg; path = homoDeus.jpg; sourceTree = "<group>"; };
		D5682B402455B54300688D68 /* creativity.jpg */ = {isa = PBXFileReference; lastKnownFileType = image.jpeg; path = creativity.jpg; sourceTree = "<group>"; };
		D5682B422455B54400688D68 /* manSearch.jpg */ = {isa = PBXFileReference; lastKnownFileType = image.jpeg; path = manSearch.jpg; sourceTree = "<group>"; };
		D5682B432455B54400688D68 /* odyssey.jpg */ = {isa = PBXFileReference; lastKnownFileType = image.jpeg; path = odyssey.jpg; sourceTree = "<group>"; };
		D5682B442455B54400688D68 /* ai.jpg */ = {isa = PBXFileReference; lastKnownFileType = image.jpeg; path = ai.jpg; sourceTree = "<group>"; };
		D5682B452455B54400688D68 /* twoTowers.jpg */ = {isa = PBXFileReference; lastKnownFileType = image.jpeg; path = twoTowers.jpg; sourceTree = "<group>"; };
		D5682B462455B54400688D68 /* the4Hours.jpg */ = {isa = PBXFileReference; lastKnownFileType = image.jpeg; path = the4Hours.jpg; sourceTree = "<group>"; };
		D5682B4F2455B62B00688D68 /* fellow.jpg */ = {isa = PBXFileReference; lastKnownFileType = image.jpeg; path = fellow.jpg; sourceTree = "<group>"; };
		D5682B512455CA2200688D68 /* CartViewModel.swift */ = {isa = PBXFileReference; lastKnownFileType = sourcecode.swift; path = CartViewModel.swift; sourceTree = "<group>"; };
		D56A71A3244764FA009E55FB /* BookDetail.swift */ = {isa = PBXFileReference; lastKnownFileType = sourcecode.swift; path = BookDetail.swift; sourceTree = "<group>"; };
		D56A71A624476F0F009E55FB /* ViewModel.swift */ = {isa = PBXFileReference; lastKnownFileType = sourcecode.swift; path = ViewModel.swift; sourceTree = "<group>"; };
		D56A71AC24477E83009E55FB /* BookRow.swift */ = {isa = PBXFileReference; lastKnownFileType = sourcecode.swift; path = BookRow.swift; sourceTree = "<group>"; };
		D5B35129246DF9B600745419 /* BookReadingView.swift */ = {isa = PBXFileReference; lastKnownFileType = sourcecode.swift; path = BookReadingView.swift; sourceTree = "<group>"; };
		D5BF5C902444DB8C00730D53 /* BookList.app */ = {isa = PBXFileReference; explicitFileType = wrapper.application; includeInIndex = 0; path = BookList.app; sourceTree = BUILT_PRODUCTS_DIR; };
		D5BF5C932444DB8C00730D53 /* AppDelegate.swift */ = {isa = PBXFileReference; lastKnownFileType = sourcecode.swift; path = AppDelegate.swift; sourceTree = "<group>"; };
		D5BF5C952444DB8C00730D53 /* SceneDelegate.swift */ = {isa = PBXFileReference; lastKnownFileType = sourcecode.swift; path = SceneDelegate.swift; sourceTree = "<group>"; };
		D5BF5C972444DB8C00730D53 /* ContentView.swift */ = {isa = PBXFileReference; lastKnownFileType = sourcecode.swift; path = ContentView.swift; sourceTree = "<group>"; };
		D5BF5C992444DB8F00730D53 /* Assets.xcassets */ = {isa = PBXFileReference; lastKnownFileType = folder.assetcatalog; path = Assets.xcassets; sourceTree = "<group>"; };
		D5BF5C9C2444DB8F00730D53 /* Preview Assets.xcassets */ = {isa = PBXFileReference; lastKnownFileType = folder.assetcatalog; path = "Preview Assets.xcassets"; sourceTree = "<group>"; };
		D5BF5C9F2444DB8F00730D53 /* Base */ = {isa = PBXFileReference; lastKnownFileType = file.storyboard; name = Base; path = Base.lproj/LaunchScreen.storyboard; sourceTree = "<group>"; };
		D5BF5CA12444DB8F00730D53 /* Info.plist */ = {isa = PBXFileReference; lastKnownFileType = text.plist.xml; path = Info.plist; sourceTree = "<group>"; };
		D5C343EE24523EDD009C9393 /* CartButtonView.swift */ = {isa = PBXFileReference; lastKnownFileType = sourcecode.swift; path = CartButtonView.swift; sourceTree = "<group>"; };
		D5C343F024523F02009C9393 /* CartView.swift */ = {isa = PBXFileReference; lastKnownFileType = sourcecode.swift; path = CartView.swift; sourceTree = "<group>"; };
/* End PBXFileReference section */

/* Begin PBXFrameworksBuildPhase section */
		D5BF5C8D2444DB8C00730D53 /* Frameworks */ = {
			isa = PBXFrameworksBuildPhase;
			buildActionMask = 2147483647;
			files = (
			);
			runOnlyForDeploymentPostprocessing = 0;
		};
/* End PBXFrameworksBuildPhase section */

/* Begin PBXGroup section */
		D5187B33244640EA001BB0BC /* Common */ = {
			isa = PBXGroup;
			children = (
				D5BF5C932444DB8C00730D53 /* AppDelegate.swift */,
				D5BF5C952444DB8C00730D53 /* SceneDelegate.swift */,
				D5BF5C992444DB8F00730D53 /* Assets.xcassets */,
			);
			path = Common;
			sourceTree = "<group>";
		};
		D5187B342446479B001BB0BC /* Model */ = {
			isa = PBXGroup;
			children = (
				D52B388024544CAE0091B62F /* Entities */,
				D5187B37244649FB001BB0BC /* BookService.swift */,
				D5187B3924464A59001BB0BC /* MockBookService.swift */,
			);
			path = Model;
			sourceTree = "<group>";
		};
		D52B388024544CAE0091B62F /* Entities */ = {
			isa = PBXGroup;
			children = (
				D5187B35244647D9001BB0BC /* Book.swift */,
				D56A71A3244764FA009E55FB /* BookDetail.swift */,
				D54D3549244B2F4C004B44A5 /* ImageStore.swift */,
				D54D3543244B2375004B44A5 /* Genre.swift */,
				D52B387E24544C070091B62F /* Cart.swift */,
			);
			path = Entities;
			sourceTree = "<group>";
		};
		D52B388324548FAF0091B62F /* Utils */ = {
			isa = PBXGroup;
			children = (
				D52B3886245490370091B62F /* NavigationLazyView.swift */,
				D5682B3D2455AD1600688D68 /* BookImage.swift */,
				D50DC31324993449008E47CA /* BookDetailImage.swift */,
			);
			path = Utils;
			sourceTree = "<group>";
		};
		D54D3542244B1FA0004B44A5 /* BookDetail */ = {
			isa = PBXGroup;
			children = (
				D54D3545244B290F004B44A5 /* BookDetailView.swift */,
				D54D354B244B330C004B44A5 /* BookDetailViewModel.swift */,
				D542E90E244C91E700A90F29 /* BookDetailLabel.swift */,
				D5B35129246DF9B600745419 /* BookReadingView.swift */,
				D52C6F502499227F00F3E117 /* BookDetailButton.swift */,
			);
			path = BookDetail;
			sourceTree = "<group>";
		};
		D54D3547244B2F13004B44A5 /* Resources */ = {
			isa = PBXGroup;
			children = (
				D54D354D244B350A004B44A5 /* chilkoottrail.jpg */,
				D5682B4F2455B62B00688D68 /* fellow.jpg */,
				D5682B442455B54400688D68 /* ai.jpg */,
				D5682B402455B54300688D68 /* creativity.jpg */,
				D5682B3F2455B54300688D68 /* homoDeus.jpg */,
				D5682B422455B54400688D68 /* manSearch.jpg */,
				D5682B432455B54400688D68 /* odyssey.jpg */,
				D5682B462455B54400688D68 /* the4Hours.jpg */,
				D5682B452455B54400688D68 /* twoTowers.jpg */,
			);
			path = Resources;
			sourceTree = "<group>";
		};
		D56A71A524476ED8009E55FB /* MVVM */ = {
			isa = PBXGroup;
			children = (
				D56A71A624476F0F009E55FB /* ViewModel.swift */,
			);
			path = MVVM;
			sourceTree = "<group>";
		};
		D56A71A824477CC2009E55FB /* View */ = {
			isa = PBXGroup;
			children = (
				D52B388324548FAF0091B62F /* Utils */,
				D56A71A924477D0F009E55FB /* BookList */,
				D54D3542244B1FA0004B44A5 /* BookDetail */,
				D5C343ED24523E8C009C9393 /* Cart */,
			);
			path = View;
			sourceTree = "<group>";
		};
		D56A71A924477D0F009E55FB /* BookList */ = {
			isa = PBXGroup;
			children = (
				D56A71AC24477E83009E55FB /* BookRow.swift */,
				D54F1D6F2448CEB8008851F5 /* BookListView.swift */,
				D54F1D712448D051008851F5 /* BookListViewModel.swift */,
			);
			path = BookList;
			sourceTree = "<group>";
		};
		D5BF5C872444DB8C00730D53 = {
			isa = PBXGroup;
			children = (
				D5BF5C922444DB8C00730D53 /* BookList */,
				D5BF5C912444DB8C00730D53 /* Products */,
			);
			sourceTree = "<group>";
		};
		D5BF5C912444DB8C00730D53 /* Products */ = {
			isa = PBXGroup;
			children = (
				D5BF5C902444DB8C00730D53 /* BookList.app */,
			);
			name = Products;
			sourceTree = "<group>";
		};
		D5BF5C922444DB8C00730D53 /* BookList */ = {
			isa = PBXGroup;
			children = (
				D5BF5CA12444DB8F00730D53 /* Info.plist */,
				D5BF5C972444DB8C00730D53 /* ContentView.swift */,
				D5BF5C9E2444DB8F00730D53 /* LaunchScreen.storyboard */,
				D5187B33244640EA001BB0BC /* Common */,
				D5187B342446479B001BB0BC /* Model */,
				D56A71A524476ED8009E55FB /* MVVM */,
				D56A71A824477CC2009E55FB /* View */,
				D54D3547244B2F13004B44A5 /* Resources */,
				D5BF5C9B2444DB8F00730D53 /* Preview Content */,
			);
			path = BookList;
			sourceTree = "<group>";
		};
		D5BF5C9B2444DB8F00730D53 /* Preview Content */ = {
			isa = PBXGroup;
			children = (
				D5BF5C9C2444DB8F00730D53 /* Preview Assets.xcassets */,
			);
			path = "Preview Content";
			sourceTree = "<group>";
		};
		D5C343ED24523E8C009C9393 /* Cart */ = {
			isa = PBXGroup;
			children = (
				D5C343EE24523EDD009C9393 /* CartButtonView.swift */,
				D5682B3B2455A40700688D68 /* CartRow.swift */,
				D5C343F024523F02009C9393 /* CartView.swift */,
				D5682B512455CA2200688D68 /* CartViewModel.swift */,
			);
			path = Cart;
			sourceTree = "<group>";
		};
/* End PBXGroup section */

/* Begin PBXNativeTarget section */
		D5BF5C8F2444DB8C00730D53 /* BookList */ = {
			isa = PBXNativeTarget;
			buildConfigurationList = D5BF5CA42444DB8F00730D53 /* Build configuration list for PBXNativeTarget "BookList" */;
			buildPhases = (
				D5BF5C8C2444DB8C00730D53 /* Sources */,
				D5BF5C8D2444DB8C00730D53 /* Frameworks */,
				D5BF5C8E2444DB8C00730D53 /* Resources */,
			);
			buildRules = (
			);
			dependencies = (
			);
			name = BookList;
			productName = BookList;
			productReference = D5BF5C902444DB8C00730D53 /* BookList.app */;
			productType = "com.apple.product-type.application";
		};
/* End PBXNativeTarget section */

/* Begin PBXProject section */
		D5BF5C882444DB8C00730D53 /* Project object */ = {
			isa = PBXProject;
			attributes = {
				LastSwiftUpdateCheck = 1140;
				LastUpgradeCheck = 1140;
				ORGANIZATIONNAME = "Serafín Ennes Moscoso";
				TargetAttributes = {
					D5BF5C8F2444DB8C00730D53 = {
						CreatedOnToolsVersion = 11.4;
					};
				};
			};
			buildConfigurationList = D5BF5C8B2444DB8C00730D53 /* Build configuration list for PBXProject "BookList" */;
			compatibilityVersion = "Xcode 9.3";
			developmentRegion = en;
			hasScannedForEncodings = 0;
			knownRegions = (
				en,
				Base,
			);
			mainGroup = D5BF5C872444DB8C00730D53;
			productRefGroup = D5BF5C912444DB8C00730D53 /* Products */;
			projectDirPath = "";
			projectRoot = "";
			targets = (
				D5BF5C8F2444DB8C00730D53 /* BookList */,
			);
		};
/* End PBXProject section */

/* Begin PBXResourcesBuildPhase section */
		D5BF5C8E2444DB8C00730D53 /* Resources */ = {
			isa = PBXResourcesBuildPhase;
			buildActionMask = 2147483647;
			files = (
				D5682B502455B62B00688D68 /* fellow.jpg in Resources */,
				D5BF5CA02444DB8F00730D53 /* LaunchScreen.storyboard in Resources */,
				D5682B472455B54400688D68 /* homoDeus.jpg in Resources */,
				D5682B482455B54400688D68 /* creativity.jpg in Resources */,
				D5682B4C2455B54400688D68 /* ai.jpg in Resources */,
				D5682B4D2455B54400688D68 /* twoTowers.jpg in Resources */,
				D54D354E244B350A004B44A5 /* chilkoottrail.jpg in Resources */,
				D5682B4B2455B54400688D68 /* odyssey.jpg in Resources */,
				D5682B4A2455B54400688D68 /* manSearch.jpg in Resources */,
				D5BF5C9D2444DB8F00730D53 /* Preview Assets.xcassets in Resources */,
				D5BF5C9A2444DB8F00730D53 /* Assets.xcassets in Resources */,
				D5682B4E2455B54400688D68 /* the4Hours.jpg in Resources */,
			);
			runOnlyForDeploymentPostprocessing = 0;
		};
/* End PBXResourcesBuildPhase section */

/* Begin PBXSourcesBuildPhase section */
		D5BF5C8C2444DB8C00730D53 /* Sources */ = {
			isa = PBXSourcesBuildPhase;
			buildActionMask = 2147483647;
			files = (
				D5C343F124523F02009C9393 /* CartView.swift in Sources */,
				D56A71AD24477E83009E55FB /* BookRow.swift in Sources */,
				D52B387F24544C070091B62F /* Cart.swift in Sources */,
				D5187B3A24464A59001BB0BC /* MockBookService.swift in Sources */,
				D52C6F512499227F00F3E117 /* BookDetailButton.swift in Sources */,
				D5187B36244647D9001BB0BC /* Book.swift in Sources */,
				D54D3544244B2375004B44A5 /* Genre.swift in Sources */,
				D5187B38244649FB001BB0BC /* BookService.swift in Sources */,
				D54D354A244B2F4C004B44A5 /* ImageStore.swift in Sources */,
				D5C343EF24523EDD009C9393 /* CartButtonView.swift in Sources */,
				D5682B522455CA2200688D68 /* CartViewModel.swift in Sources */,
				D5BF5C942444DB8C00730D53 /* AppDelegate.swift in Sources */,
				D5BF5C962444DB8C00730D53 /* SceneDelegate.swift in Sources */,
				D56A71A4244764FA009E55FB /* BookDetail.swift in Sources */,
				D54F1D722448D051008851F5 /* BookListViewModel.swift in Sources */,
				D5682B3C2455A40700688D68 /* CartRow.swift in Sources */,
				D54F1D702448CEB8008851F5 /* BookListView.swift in Sources */,
				D5B3512A246DF9B600745419 /* BookReadingView.swift in Sources */,
				D54D354C244B330C004B44A5 /* BookDetailViewModel.swift in Sources */,
				D5682B3E2455AD1600688D68 /* BookImage.swift in Sources */,
				D56A71A724476F0F009E55FB /* ViewModel.swift in Sources */,
				D52B3887245490370091B62F /* NavigationLazyView.swift in Sources */,
				D542E90F244C91E700A90F29 /* BookDetailLabel.swift in Sources */,
				D50DC31424993449008E47CA /* BookDetailImage.swift in Sources */,
				D54D3546244B290F004B44A5 /* BookDetailView.swift in Sources */,
				D5BF5C982444DB8C00730D53 /* ContentView.swift in Sources */,
			);
			runOnlyForDeploymentPostprocessing = 0;
		};
/* End PBXSourcesBuildPhase section */

/* Begin PBXVariantGroup section */
		D5BF5C9E2444DB8F00730D53 /* LaunchScreen.storyboard */ = {
			isa = PBXVariantGroup;
			children = (
				D5BF5C9F2444DB8F00730D53 /* Base */,
			);
			name = LaunchScreen.storyboard;
			sourceTree = "<group>";
		};
/* End PBXVariantGroup section */

/* Begin XCBuildConfiguration section */
		D5BF5CA22444DB8F00730D53 /* Debug */ = {
			isa = XCBuildConfiguration;
			buildSettings = {
				ALWAYS_SEARCH_USER_PATHS = NO;
				CLANG_ANALYZER_NONNULL = YES;
				CLANG_ANALYZER_NUMBER_OBJECT_CONVERSION = YES_AGGRESSIVE;
				CLANG_CXX_LANGUAGE_STANDARD = "gnu++14";
				CLANG_CXX_LIBRARY = "libc++";
				CLANG_ENABLE_MODULES = YES;
				CLANG_ENABLE_OBJC_ARC = YES;
				CLANG_ENABLE_OBJC_WEAK = YES;
				CLANG_WARN_BLOCK_CAPTURE_AUTORELEASING = YES;
				CLANG_WARN_BOOL_CONVERSION = YES;
				CLANG_WARN_COMMA = YES;
				CLANG_WARN_CONSTANT_CONVERSION = YES;
				CLANG_WARN_DEPRECATED_OBJC_IMPLEMENTATIONS = YES;
				CLANG_WARN_DIRECT_OBJC_ISA_USAGE = YES_ERROR;
				CLANG_WARN_DOCUMENTATION_COMMENTS = YES;
				CLANG_WARN_EMPTY_BODY = YES;
				CLANG_WARN_ENUM_CONVERSION = YES;
				CLANG_WARN_INFINITE_RECURSION = YES;
				CLANG_WARN_INT_CONVERSION = YES;
				CLANG_WARN_NON_LITERAL_NULL_CONVERSION = YES;
				CLANG_WARN_OBJC_IMPLICIT_RETAIN_SELF = YES;
				CLANG_WARN_OBJC_LITERAL_CONVERSION = YES;
				CLANG_WARN_OBJC_ROOT_CLASS = YES_ERROR;
				CLANG_WARN_RANGE_LOOP_ANALYSIS = YES;
				CLANG_WARN_STRICT_PROTOTYPES = YES;
				CLANG_WARN_SUSPICIOUS_MOVE = YES;
				CLANG_WARN_UNGUARDED_AVAILABILITY = YES_AGGRESSIVE;
				CLANG_WARN_UNREACHABLE_CODE = YES;
				CLANG_WARN__DUPLICATE_METHOD_MATCH = YES;
				COPY_PHASE_STRIP = NO;
				DEBUG_INFORMATION_FORMAT = dwarf;
				ENABLE_STRICT_OBJC_MSGSEND = YES;
				ENABLE_TESTABILITY = YES;
				GCC_C_LANGUAGE_STANDARD = gnu11;
				GCC_DYNAMIC_NO_PIC = NO;
				GCC_NO_COMMON_BLOCKS = YES;
				GCC_OPTIMIZATION_LEVEL = 0;
				GCC_PREPROCESSOR_DEFINITIONS = (
					"DEBUG=1",
					"$(inherited)",
				);
				GCC_WARN_64_TO_32_BIT_CONVERSION = YES;
				GCC_WARN_ABOUT_RETURN_TYPE = YES_ERROR;
				GCC_WARN_UNDECLARED_SELECTOR = YES;
				GCC_WARN_UNINITIALIZED_AUTOS = YES_AGGRESSIVE;
				GCC_WARN_UNUSED_FUNCTION = YES;
				GCC_WARN_UNUSED_VARIABLE = YES;
				IPHONEOS_DEPLOYMENT_TARGET = 13.4;
				MTL_ENABLE_DEBUG_INFO = INCLUDE_SOURCE;
				MTL_FAST_MATH = YES;
				ONLY_ACTIVE_ARCH = YES;
				SDKROOT = iphoneos;
				SWIFT_ACTIVE_COMPILATION_CONDITIONS = DEBUG;
				SWIFT_OPTIMIZATION_LEVEL = "-Onone";
			};
			name = Debug;
		};
		D5BF5CA32444DB8F00730D53 /* Release */ = {
			isa = XCBuildConfiguration;
			buildSettings = {
				ALWAYS_SEARCH_USER_PATHS = NO;
				CLANG_ANALYZER_NONNULL = YES;
				CLANG_ANALYZER_NUMBER_OBJECT_CONVERSION = YES_AGGRESSIVE;
				CLANG_CXX_LANGUAGE_STANDARD = "gnu++14";
				CLANG_CXX_LIBRARY = "libc++";
				CLANG_ENABLE_MODULES = YES;
				CLANG_ENABLE_OBJC_ARC = YES;
				CLANG_ENABLE_OBJC_WEAK = YES;
				CLANG_WARN_BLOCK_CAPTURE_AUTORELEASING = YES;
				CLANG_WARN_BOOL_CONVERSION = YES;
				CLANG_WARN_COMMA = YES;
				CLANG_WARN_CONSTANT_CONVERSION = YES;
				CLANG_WARN_DEPRECATED_OBJC_IMPLEMENTATIONS = YES;
				CLANG_WARN_DIRECT_OBJC_ISA_USAGE = YES_ERROR;
				CLANG_WARN_DOCUMENTATION_COMMENTS = YES;
				CLANG_WARN_EMPTY_BODY = YES;
				CLANG_WARN_ENUM_CONVERSION = YES;
				CLANG_WARN_INFINITE_RECURSION = YES;
				CLANG_WARN_INT_CONVERSION = YES;
				CLANG_WARN_NON_LITERAL_NULL_CONVERSION = YES;
				CLANG_WARN_OBJC_IMPLICIT_RETAIN_SELF = YES;
				CLANG_WARN_OBJC_LITERAL_CONVERSION = YES;
				CLANG_WARN_OBJC_ROOT_CLASS = YES_ERROR;
				CLANG_WARN_RANGE_LOOP_ANALYSIS = YES;
				CLANG_WARN_STRICT_PROTOTYPES = YES;
				CLANG_WARN_SUSPICIOUS_MOVE = YES;
				CLANG_WARN_UNGUARDED_AVAILABILITY = YES_AGGRESSIVE;
				CLANG_WARN_UNREACHABLE_CODE = YES;
				CLANG_WARN__DUPLICATE_METHOD_MATCH = YES;
				COPY_PHASE_STRIP = NO;
				DEBUG_INFORMATION_FORMAT = "dwarf-with-dsym";
				ENABLE_NS_ASSERTIONS = NO;
				ENABLE_STRICT_OBJC_MSGSEND = YES;
				GCC_C_LANGUAGE_STANDARD = gnu11;
				GCC_NO_COMMON_BLOCKS = YES;
				GCC_WARN_64_TO_32_BIT_CONVERSION = YES;
				GCC_WARN_ABOUT_RETURN_TYPE = YES_ERROR;
				GCC_WARN_UNDECLARED_SELECTOR = YES;
				GCC_WARN_UNINITIALIZED_AUTOS = YES_AGGRESSIVE;
				GCC_WARN_UNUSED_FUNCTION = YES;
				GCC_WARN_UNUSED_VARIABLE = YES;
				IPHONEOS_DEPLOYMENT_TARGET = 13.4;
				MTL_ENABLE_DEBUG_INFO = NO;
				MTL_FAST_MATH = YES;
				SDKROOT = iphoneos;
				SWIFT_COMPILATION_MODE = wholemodule;
				SWIFT_OPTIMIZATION_LEVEL = "-O";
				VALIDATE_PRODUCT = YES;
			};
			name = Release;
		};
		D5BF5CA52444DB8F00730D53 /* Debug */ = {
			isa = XCBuildConfiguration;
			buildSettings = {
				ASSETCATALOG_COMPILER_APPICON_NAME = AppIcon;
				CODE_SIGN_IDENTITY = "Apple Development";
				CODE_SIGN_STYLE = Automatic;
				DEVELOPMENT_ASSET_PATHS = "\"BookList/Preview Content\"";
				DEVELOPMENT_TEAM = TQL2DL7S9V;
				ENABLE_PREVIEWS = YES;
				INFOPLIST_FILE = BookList/Info.plist;
				LD_RUNPATH_SEARCH_PATHS = (
					"$(inherited)",
					"@executable_path/Frameworks",
				);
				PRODUCT_BUNDLE_IDENTIFIER = com.serafinennes.BookList;
				PRODUCT_NAME = "$(TARGET_NAME)";
				PROVISIONING_PROFILE_SPECIFIER = "";
				SWIFT_VERSION = 5.0;
				TARGETED_DEVICE_FAMILY = "1,2";
			};
			name = Debug;
		};
		D5BF5CA62444DB8F00730D53 /* Release */ = {
			isa = XCBuildConfiguration;
			buildSettings = {
				ASSETCATALOG_COMPILER_APPICON_NAME = AppIcon;
				CODE_SIGN_IDENTITY = "Apple Development";
				CODE_SIGN_STYLE = Automatic;
				DEVELOPMENT_ASSET_PATHS = "\"BookList/Preview Content\"";
				DEVELOPMENT_TEAM = TQL2DL7S9V;
				ENABLE_PREVIEWS = YES;
				INFOPLIST_FILE = BookList/Info.plist;
				LD_RUNPATH_SEARCH_PATHS = (
					"$(inherited)",
					"@executable_path/Frameworks",
				);
				PRODUCT_BUNDLE_IDENTIFIER = com.serafinennes.BookList;
				PRODUCT_NAME = "$(TARGET_NAME)";
				PROVISIONING_PROFILE_SPECIFIER = "";
				SWIFT_VERSION = 5.0;
				TARGETED_DEVICE_FAMILY = "1,2";
			};
			name = Release;
		};
/* End XCBuildConfiguration section */

/* Begin XCConfigurationList section */
		D5BF5C8B2444DB8C00730D53 /* Build configuration list for PBXProject "BookList" */ = {
			isa = XCConfigurationList;
			buildConfigurations = (
				D5BF5CA22444DB8F00730D53 /* Debug */,
				D5BF5CA32444DB8F00730D53 /* Release */,
			);
			defaultConfigurationIsVisible = 0;
			defaultConfigurationName = Release;
		};
		D5BF5CA42444DB8F00730D53 /* Build configuration list for PBXNativeTarget "BookList" */ = {
			isa = XCConfigurationList;
			buildConfigurations = (
				D5BF5CA52444DB8F00730D53 /* Debug */,
				D5BF5CA62444DB8F00730D53 /* Release */,
			);
			defaultConfigurationIsVisible = 0;
			defaultConfigurationName = Release;
		};
/* End XCConfigurationList section */
	};
	rootObject = D5BF5C882444DB8C00730D53 /* Project object */;
}
